d9f3b17ddbbe1bba48917c3a679807b01c39c4a1ce776efdbdfbb7a1680e86e4  lib/tagged.cyr
f8f46d0e84ed36263cc10baedcf3ae6c072fb991032a50b1532f45e70d75ace8  lib/toml.cyr
d0e618655388c9d43c9927a9f5b306e61cb333546abc166f4f280a25993624f5  lib/net.cyr
e84c090fd0f8532700d967ca3190837780a52a42630f4c6a0a4567ad9a49ab6b  lib/cffi.cyr
d7a14f337a9e8c67ac95023cddf58614a21d8aacd2eb1736da798843ccf0deba  lib/syscalls_macos.cyr
9dda717127c86b2b8826a126a2bea79184e1dd205fcbde7ff5106dc796fa08cf  lib/simd.cyr
d614ae2ff9261256a3e29068e400ac2f0342d3a7e5a4651aa9cef2399bafbbfa  lib/bayan.cyr
90d01355e0fd6e0e621d38d418e9ac1095b1efcf7e94c9b5e7b78603727c2e1b  lib/mmap.cyr
66ab9954a773e439b1249e43dfcee490655eafe63e1cc045fe38982975007d2b  lib/math.cyr
90c3f21da4cf686e7f3d7038ed43ed9710cb7b1248c0792245e761c18f45451c  lib/dynlib.cyr
8a3e4378e75eefbf7e6d8d098449dbe909f9b9b80a2a72624adb250eb4335c09  lib/str.cyr
0a6cad0f87a633474e5684b14c5c458725a8b9fa97a90ee7f17c266bdcb87c0c  lib/fdlopen.cyr
1989de8615f151f007e6983170887cddfd1c654b3fd81c73b4c811b9ccf5ac7b  lib/base64.cyr
15cfae186336b82046c1786c71befa1050722fedab3d91824c35703aa4bb9b85  lib/alloc_agnos.cyr
7094cf4c785edcb1f62cf319b5eb8156a282635e065840f25a864f5a7f592ba7  lib/ganita.cyr
c1111039c78e19c9404d8d296b3e88b588e735c21ae8a67a3852251d63199170  lib/grp.cyr
b8be5f1e2e0bf87b032ab30d4869c723054bc4691b2550d4b94c61fc9f65fe08  lib/async.cyr
31925616e5121a2db3f03016e46dd33654252275f167b105d6ae3fe3d1e8914b  lib/regression.cyr
994d110a5a2271c0e96b70697f2401d7f96f881d21b9924f7c90591081c56dfc  lib/ws_server.cyr
708e4b1b825122ef319a79fc3e4e941cebf31e53ff637128313bdae6b99e2d60  lib/pam.cyr
3685581ab3dca17cb01b8e65a654ce4ca683ac67b1871b17b8bd9fb3c2cf8a02  lib/pwd.cyr
e07e2b7c06bd87385daa95b98047979c85e542306b40f590d06d38f36c76fcdf  lib/thread_agnos.cyr
ef04e8a97cb8519ba99fc80aaf8c49e7475f15eb1d924b900e6222ee34c5058f  lib/alloc_macos.cyr
2eec2d5461743c7fe79cbae4ff3cc1c95e002c2e939b5cc01ca7b1f59e5cdd12  lib/hashmap_fast.cyr
8c308fcc81558fb6048b7786d3c2e747831e857ecfd88c91751bd3e662c9ca73  lib/regression_agnos.cyr
c7b3bf5beebddc082d4fa643a7113deaf26d0fd80dd5cd70ba0e3c21671107d0  lib/fs_win.cyr
27c9752b70e797b43d30204e5077749526144495ba7021b1272067f3236d81f9  lib/args_agnos.cyr
d5877d16113051fb95dae31717efc679c94b17a34667805b56e52a345bc48f8f  lib/freelist.cyr
014e7f73ba8d43cdb642bdcc716007da67bfa9e2cdefe62742b41c89297697ab  lib/regex.cyr
dc500d517e0896751699302f6d6033b765378576f8e9ac144480262ab4214348  lib/security.cyr
a8ae4f1396d23bff31a4c22c53be396b4624dcd763f5a9de81d4933a07beae9e  lib/test.cyr
ac55a4ff22d49ccf6c44893be077e1c824825aed845d82c04767f4f87c29d6da  lib/sync_macos.cyr
8d024d099db0a3243d4817e5bbf30d8ac6bc38e89c2037fbdb8ae01e553c9db4  lib/sakshi.cyr
096eabc580c807f3e378fbe56058780a28cdf95b9c70b44672bca0a71cf969f6  lib/ct.cyr
4ee0e3020c92b50d9bf865bc3e29f6becf8dbcd6b3c83ff2e7638d8d26db055d  lib/log.cyr
98d1536d5bb355549b7e7be257fb6a5620525f93b447a5a5759b04a0aa053191  lib/dxgi.cyr
7b045871f231519e65f28a4b7abfbae6dd8e586ce03053fd367b3a119e8303c9  lib/atomic.cyr
58291642ada12d5df693b28db17609f90cc09e286d509d02dcc0c1e256f8b2ca  lib/agnosys.cyr
ff14f0d7999956754937f612c0aa60719c138f0967a81019cf99e08aae088087  lib/string.cyr
7b619c21305568511f23b1a5787e557a6634cc7e730aa58661eff821b157d197  lib/process.cyr
9a376aec4f3ff245f1ece0ea6f445c74dbbfdd6d8509c29a51d19f2ae3f12674  lib/niyama.cyr
0d1dc162866327cdea376c2177090cfdfc4779227c15d2da0d04fffc058e738d  lib/alloc.cyr
f0ac2f252c5e7cf440c091d995095d2eaaf86804de99f8a4098d03368000d93e  lib/sigil.cyr
012b8eedaad8d3e6f32324af1c0f5028be23d1ea4365aa27cb942162078bac02  lib/sandhi.cyr
639aa6feb170319f983df4b39b827f29b26391b55de241c25e711f3880bce0a0  lib/flags.cyr
e1a1fc06a604cf14c5bd2b5d21dec1e459897f3a8dceb03bcc66de6d178c01a2  lib/syscalls_x86_64_linux.cyr
2b6d57f5abaa411292634812382373a60cebbd6bf3ab56f875505997d740d8c4  lib/syscalls_x86_64_agnos.cyr
0e395509270da3eff15cd118e69a90f54bf05567823c978db5e29c349ea58e4d  lib/cmdit.cyr
150bb9efad587ae139d8df81d62c7578c8ab20d3c6964004908929657b597c12  lib/fmt.cyr
bc0de2ed93e4f0fa1ca2295678929caa75204413af4b2f2d77a5ce82886874ff  lib/tls.cyr
293aba79206fc1201a8998b64f51d00d8cb8ac3a5cb2f4ed96c1ca5a4b5aa2cd  lib/trait.cyr
0a5791275809278617b4ab5805f5ab920abfb10d1f885d5f2c1b070a0a04ff52  lib/yukti.cyr
c9e220ca9bcb929cbc682e9b7eed7086b3b5a90474d562b600e137fde85eb7f0  lib/assert.cyr
619f0bce74b6b1ec0acf8ce3ed6839fe0a7c043bf16af6bae4e06f5e492af874  lib/args.cyr
9318c962e3432840e2965315aea4431fc417c89300a6c6b13494a6067d219c40  lib/patra.cyr
7bafd8f98f4b113673fd1c4c20fb2762fbd1a6a21f5d0137af15d0b4208b3f8e  lib/protobuf.cyr
37aed95d32ad2c280c4af809abae66088176f47e55802a77e7f90a5ced95d394  lib/csv.cyr
2da010aac142d5f0399b5a7da30c72676ab9e5857969d557cfe4f7dec60423e7  lib/bigint.cyr
f1e40c09f70d0a4203c172a195f551149ad57c4f889c3c0a3a7599881ee0a9cc  lib/vani.cyr
af3dc72c3e2d0f94ea4d4a6bdeb60963cd36e7849b7ccf06299bf5c616de7100  lib/sync_windows.cyr
c183908dd1904c574ac20960428b4c4f63a36fb4d18a76895d5f34ca0cfc99ca  lib/tls_native.cyr
2d4e4d3c902703abe307a598e3368da133daac9dbb7dde208461959d203e3caf  lib/chrono.cyr
8dd79704c47d31d42de61f967f5b2e27c45c695a0d531cb18d1eb4e59eeca0f9  lib/overflow.cyr
dd083116c877c777f44f0d9e754dde477f6f42e99d5399fdc9e15ae4cf6fb06f  lib/tls_native_lowlevel.cyr
8d8b45204f647b5da2d1aaa1e9c1c4d073cd267195f6fc4cc58499dd9827e4e3  lib/mabda.cyr
f0fb1a525c590bd5aafdfb5e30dfbb1bce6ad14f3e30f4ce83e6d2ae5f4730f5  lib/linalg.cyr
2a23b384794d99d521a4903509b4f555cd7d1fb8df7bd3afda257fe38a886975  lib/agnostik.cyr
861dedc4d9c07fcf1e431551e469890953a1b02e321354585742c1ed281a9fcf  lib/syscalls.cyr
69524b79054635a0864bac422215dc96302374b0b899f066af4dd6d63c029190  lib/matrix.cyr
c84a1f596bcf2c7ac5c364bf49f06809834a8dd69ed6ebb03fcb2e4cfbea124a  lib/thread_local.cyr
bd63b07681c88830f82749303a490ed557df70999b60184a8f7b811f15735823  lib/tls_native_keysched.cyr
0230ab283eee5e5da862775815ac68e0eaf97cbf684d960c0158856939c00a9c  lib/alloc_windows.cyr
c882b87d1dc16dbf64a811ff83921869f794eb21a048b302e572d0d168d7ee98  lib/thread_win.cyr
75199ecb8aa173413c97c4a9300b65d738cc40401631d107d14c4188748610a9  lib/thread.cyr
f7b9d52f29de6d3d633962ccc765a76637091a7256eebc1da5547530eed2c44b  lib/args_win.cyr
1a8aa9ac6b49d89da233d478640db9c74c03892d063f9956c1413f39a5803f3d  lib/process_agnos.cyr
9e8581d8155ebf5c5eb5da2bd9e5eb321dd75ce0c6319133f6f74c614d16ef0f  lib/syscalls_aarch64_linux.cyr
2907e90cae9f66370dce6e9567e24b03dab31221cb4f0e505a5c5745232d5de4  lib/sha1.cyr
262348eaa67e4c26c0d9e4488b1ffb32a395e15eeaa92f6ea837c124e629f0c9  lib/shadow.cyr
8af62caaa9cdd96bca338a5587526a275a0e36dbfc33066febf81498321f9bb1  lib/bench.cyr
5e9fc23f97123fe5becfaad70e18593551759188cbf882dcd42b296401c48de4  lib/sys.cyr
3f9f9d0acb41138ea1f2a54d22697c62bff18e2c86145eadc9ee73ffe2b391af  lib/cyml.cyr
c4d6feec81b720c3a8b31380058e8b6a88061355a1f23575bac007f608502803  lib/sankoch.cyr
d6feaf141f6fa6f5a5601527b8fa210777861438913aca9b899811401a58de7c  lib/audit_walk.cyr
ccfad90df061416eec7b8eafe729110d099810731c4a9fcd5477448095eb9ed2  lib/ws.cyr
032132cf5c2e3bb3c52c31a61ee919d72b7c8ee806c7b6f7d57dc7e79001f003  lib/u128.cyr
aea2383e6fd828de155879b55ab954732f0e45eb6febaebdc03650e952c4d093  lib/async_agnos.cyr
543be460c6d2a9922e47f4dafb4fae981802f74827b935d4ec9dadb35870cb43  lib/keccak.cyr
21b573de672e2b7a2d281e3d3e071a1de884f5c8a78a752fa5585bf97b3b6a98  lib/http.cyr
19bcb006802c5d158ce1b9e0090a07da7e4d1092236f9850c61ebcbf294021c4  lib/vec.cyr
6a987c9bd5278a0e0895ea8a97ad502db7b59d670537676d42eba22241d168bd  lib/fs.cyr
a3ce9d309b5489d72a376d3afdf153473078c740cdf991cf9e52be6c9ec33559  lib/io.cyr
3d1a597713fb940934806f0080990123666844e97948ba0f2b79a2475c2622b1  lib/sync.cyr
8e45d3b594e31609051e958acac2f84cc102e0cd2264b0cbfdeaae8aaffda557  lib/unicode/_casefold_data.cyr
9962915cb93c17d7621e1f4df493454b2d948661f651831c5875fc7f8a7509c8  lib/unicode/casefold.cyr
29ae9b6a453bf7ed08c34c944c6ae6a58be99a4d35474c7d9a53ba57bc788388  lib/unicode/_normalize_data.cyr
efd5e32a3ff24466ccdf85928d884369255d2b87733f410d3b5918d5a8177709  lib/unicode/normalize.cyr
52a5459c67ea2261a7d67cfa85b88f972479e5be26f7b4edfc43e987b0c1465b  lib/unicode/_decode.cyr
490ce31f13069637ada2eec85c16f1e5ef942160892f32c07b572286fa4f9912  lib/unicode/_categories_data.cyr
1091c0970c74fd47f63503b5dfbe0098a1b87048a8d43cc17cf51153839b2afe  lib/unicode/categories.cyr
724cb440922e89ff60c76eba23670eeee53b9d1f3ffdde31ebe2e2f9badda9ed  lib/slice.cyr
cacf5fd84a9f4a8fca7ef312361c76637d41059fc6493b05f6b88deb8f50fc45  lib/tls_native_hs12.cyr
9fd6444e8cfcf7950837e955473adc5bab6d7bf4fa2c15f8ce2578360c4100eb  lib/hashmap.cyr
af30844628c715c51cad83addf05c9de4fb12d4b84f97801322448b2df1091b1  lib/fnptr.cyr
2304e850dd8524aec972d66826f1963225bfd62b01efcf73aada15d2313dd062  lib/darshana.cyr
39fe97dbac447954aa0db7846d0236514dc083b3e3aa93b13484dab682f5abc1  lib/syscalls_windows.cyr
6d07cc6dc996c47e9ea97a96ae485200a642b3e42139f5fe60f0b2fd1998a2a2  lib/tls_native_hs13.cyr
de4598e4862fdc8d02195688b9aacc91e888d5f6b85d9fac08f4b7af9daaca19  lib/random.cyr
927f8e674a5acb648b536d54744bb74b595e3376202f702412015228d3f7056d  lib/bounds.cyr
86c4e2b20a7b376279c6e7f905744182aa120b8eb1d737cd173fc2ea8e799ff3  lib/json.cyr
563097a04b9e32a01a4d3ff70ff5d34991e7924a06a40b09e50ebbcad362bd6e  lib/tls_native_conn.cyr
6a61c7631c48074af8f53260b0bf91e2918d1ee65008337360c82d92ad0f3369  lib/callback.cyr
96e804b93e6a3abe62ba72fc5fbaeac7c28d56d701eb9515b670681d56ed75c1  lib/syscalls_linux_common.cyr
7965be5a82ff91be4fbf3dae692c6d4cd5465f0ccaab602e5710cc706f8fbbd9  lib/process_win.cyr
d64b87c0794e921dd8a5c199ff9777b7cccca5c109adcc6556b26487251db8ec  lib/args_macos.cyr
cf84921c7cb5854421533c5b919eaf8450147686b92b792fb361fada933cb5ce  lib/tls_native_ctx.cyr
55ffe9a910b214a8dd6fcafce5ee1ba5c86ff8e4f7d79f9c32068019bd013c71  lib/result.cyr
