d9f3b17ddbbe1bba48917c3a679807b01c39c4a1ce776efdbdfbb7a1680e86e4  lib/tagged.cyr
f8f46d0e84ed36263cc10baedcf3ae6c072fb991032a50b1532f45e70d75ace8  lib/toml.cyr
02a290ad2c1daf47256adaa73f7c3d5e25d8cc57891dea0e037750ae83f9dfa3  lib/net.cyr
e84c090fd0f8532700d967ca3190837780a52a42630f4c6a0a4567ad9a49ab6b  lib/cffi.cyr
d7a14f337a9e8c67ac95023cddf58614a21d8aacd2eb1736da798843ccf0deba  lib/syscalls_macos.cyr
9dda717127c86b2b8826a126a2bea79184e1dd205fcbde7ff5106dc796fa08cf  lib/simd.cyr
90d01355e0fd6e0e621d38d418e9ac1095b1efcf7e94c9b5e7b78603727c2e1b  lib/mmap.cyr
2d55881d6bbd40c74015df46d82758ce1707457878effaee902cf037b425863a  lib/math.cyr
90c3f21da4cf686e7f3d7038ed43ed9710cb7b1248c0792245e761c18f45451c  lib/dynlib.cyr
f7852e63d5d26359956b455f270a138a80ca4de1bc00ba4cd3fa56c346b9a139  lib/str.cyr
558f8e8eeb953073dfd4e9552053ba9fc74a2897361abbc2544f3d694d5bd148  lib/fdlopen.cyr
1989de8615f151f007e6983170887cddfd1c654b3fd81c73b4c811b9ccf5ac7b  lib/base64.cyr
27b7769eece966b52fedfc6d603b430fa5c347c7bd001797804d899ff8502394  lib/alloc_agnos.cyr
bcc046e90f4ca58b76df69d08cae5feec9d92f0398eaaad96686b2c27631fdfc  lib/grp.cyr
b9913b518a7cece89b74dfc681316d3aaf80117609eb35da52a889b58a00649c  lib/async.cyr
fd1cf20ad4e3b9a76263201a48c38096df1008d3055983625b34172e967feda3  lib/regression.cyr
994d110a5a2271c0e96b70697f2401d7f96f881d21b9924f7c90591081c56dfc  lib/ws_server.cyr
708e4b1b825122ef319a79fc3e4e941cebf31e53ff637128313bdae6b99e2d60  lib/pam.cyr
d3b5262a6f5c86dfd1976061c78b8101313fb00a93e8b049d4fb3701edbf15cc  lib/pwd.cyr
6e6901c0c3db3da992b87ed675ceda11a4afc6afcb90ccdc8c7e2bb9ea1ef6b4  lib/alloc_macos.cyr
2eec2d5461743c7fe79cbae4ff3cc1c95e002c2e939b5cc01ca7b1f59e5cdd12  lib/hashmap_fast.cyr
2eaf6a60c271c6afd70a7b3ce408ab238dd559c4bd3897f3e72ca40c8c70bf4c  lib/args_agnos.cyr
d5877d16113051fb95dae31717efc679c94b17a34667805b56e52a345bc48f8f  lib/freelist.cyr
30abbdfd10790b852144e20dc9fdf1503336fb94940ec7a4ce37ec92dcfad746  lib/regex.cyr
dc500d517e0896751699302f6d6033b765378576f8e9ac144480262ab4214348  lib/security.cyr
a8ae4f1396d23bff31a4c22c53be396b4624dcd763f5a9de81d4933a07beae9e  lib/test.cyr
7ccef22f084a040b427cf3de5cd774398d8b054a3ba0c1f1960b12b9ff0657ea  lib/sakshi.cyr
096eabc580c807f3e378fbe56058780a28cdf95b9c70b44672bca0a71cf969f6  lib/ct.cyr
4ee0e3020c92b50d9bf865bc3e29f6becf8dbcd6b3c83ff2e7638d8d26db055d  lib/log.cyr
98d1536d5bb355549b7e7be257fb6a5620525f93b447a5a5759b04a0aa053191  lib/dxgi.cyr
3875ffd12d9e805e3a540990cfa82724bab991746ae328c1a40ebd1f23032ac3  lib/atomic.cyr
3cd95e522962c38ddf606cb2e7cb37bda552a24526a58a85fb22ae07b2596582  lib/agnosys.cyr
ff14f0d7999956754937f612c0aa60719c138f0967a81019cf99e08aae088087  lib/string.cyr
7b619c21305568511f23b1a5787e557a6634cc7e730aa58661eff821b157d197  lib/process.cyr
49269a9ac71c8806a8da0a3df7c161a854da68c2675ffe5ad23ea37336b61a87  lib/niyama.cyr
0e119d0083a1cb4d599baaac4975b874c172550e937538064b652e9c37316489  lib/alloc.cyr
0a7c5cd2dcb1e12c2824ed92dfe54055f2eb0e3dda37936ad2dcb7c4ab8a5fab  lib/sigil.cyr
d5da471e841c60ddf7fd207b7718fcaaec649d847d0c50d6b4796707a5a8464c  lib/sandhi.cyr
639aa6feb170319f983df4b39b827f29b26391b55de241c25e711f3880bce0a0  lib/flags.cyr
b14bb6c56508fcf5a1d58aacf834df51e303473c0f61cda88e27bd3895b3c279  lib/syscalls_x86_64_linux.cyr
f29ea4cf3b2c0541f29e144b33dba90f7a30ee7ab00b2dac89f7987e61efdfb4  lib/syscalls_x86_64_agnos.cyr
150bb9efad587ae139d8df81d62c7578c8ab20d3c6964004908929657b597c12  lib/fmt.cyr
2b9b162bd4f549671fb919ae79051a06f6766c213286bad75010b149d34b0923  lib/tls.cyr
293aba79206fc1201a8998b64f51d00d8cb8ac3a5cb2f4ed96c1ca5a4b5aa2cd  lib/trait.cyr
e16c947cb7e871290e728d4becd1525eaf1c28c7fcfcc72b6a06d1b8a510aa5f  lib/yukti.cyr
c9e220ca9bcb929cbc682e9b7eed7086b3b5a90474d562b600e137fde85eb7f0  lib/assert.cyr
619f0bce74b6b1ec0acf8ce3ed6839fe0a7c043bf16af6bae4e06f5e492af874  lib/args.cyr
36dd405ec1cca1c5096c2ffb22da3abf7276010b7a0cb5dff52fd060c211d1d6  lib/patra.cyr
37aed95d32ad2c280c4af809abae66088176f47e55802a77e7f90a5ced95d394  lib/csv.cyr
2da010aac142d5f0399b5a7da30c72676ab9e5857969d557cfe4f7dec60423e7  lib/bigint.cyr
cebcd8f2f0d25ea808ae40ebf133ce1b053a445828749e190d5339dfa7aac758  lib/vani.cyr
ae0df0c40d4b1e5f0a7bd895fb7fdd72bea03bf8b2d281e1a6ecb6b022a2a06b  lib/tls_native.cyr
ecfb4ad1a958d604579b53158e771d691be1b00a5ef22faec6501c2d6ca8c13e  lib/chrono.cyr
8dd79704c47d31d42de61f967f5b2e27c45c695a0d531cb18d1eb4e59eeca0f9  lib/overflow.cyr
9789219c0ada8368911d073006a2e434afe56358c94a8f0a5bcf5f711283fbbf  lib/mabda.cyr
f0fb1a525c590bd5aafdfb5e30dfbb1bce6ad14f3e30f4ce83e6d2ae5f4730f5  lib/linalg.cyr
88ea6eb670d7185ee6f4f243a6bd8f08aed69c91f4892eaabacf536a4d09cb57  lib/agnostik.cyr
861dedc4d9c07fcf1e431551e469890953a1b02e321354585742c1ed281a9fcf  lib/syscalls.cyr
69524b79054635a0864bac422215dc96302374b0b899f066af4dd6d63c029190  lib/matrix.cyr
2db8769601b545a969fb7fa4681109cea3c6c1ef2bba74df340d53060a2ee929  lib/thread_local.cyr
40e54c66c18a4512edd8b2f8a2962947dd4a2738202c720e697e22c307a28815  lib/alloc_windows.cyr
c882b87d1dc16dbf64a811ff83921869f794eb21a048b302e572d0d168d7ee98  lib/thread_win.cyr
65215a960b43d57d0249be2970c6b12a70c74d250db30a471212d2823466de15  lib/thread.cyr
f7b9d52f29de6d3d633962ccc765a76637091a7256eebc1da5547530eed2c44b  lib/args_win.cyr
1a8aa9ac6b49d89da233d478640db9c74c03892d063f9956c1413f39a5803f3d  lib/process_agnos.cyr
0a34dfde20c84355ab375d176e55cee0446d63cf4a9c5aa4f2a8f23137ba22a3  lib/syscalls_aarch64_linux.cyr
2907e90cae9f66370dce6e9567e24b03dab31221cb4f0e505a5c5745232d5de4  lib/sha1.cyr
262348eaa67e4c26c0d9e4488b1ffb32a395e15eeaa92f6ea837c124e629f0c9  lib/shadow.cyr
82ff313674a504d0d6d6e696ae1e0503148b066407c0c3344ee2098e54e504c4  lib/bench.cyr
3f9f9d0acb41138ea1f2a54d22697c62bff18e2c86145eadc9ee73ffe2b391af  lib/cyml.cyr
39b494393ba5337b81a73ea874b5e86324c20fcafa98f9bbf156d79d07e444ee  lib/sankoch.cyr
d6feaf141f6fa6f5a5601527b8fa210777861438913aca9b899811401a58de7c  lib/audit_walk.cyr
ffe714f5a05c37ec584058cc10421543533f80db438672b073fd82859a5dbe52  lib/ws.cyr
032132cf5c2e3bb3c52c31a61ee919d72b7c8ee806c7b6f7d57dc7e79001f003  lib/u128.cyr
543be460c6d2a9922e47f4dafb4fae981802f74827b935d4ec9dadb35870cb43  lib/keccak.cyr
21b573de672e2b7a2d281e3d3e071a1de884f5c8a78a752fa5585bf97b3b6a98  lib/http.cyr
2c3c53abbf04b63baa7a28956c69eb78272f9ff587a472d302f8108a31ea4a47  lib/vec.cyr
ef6f99781d9ea0844fe87c6f16bfd410b21e1fc5fbaf23b7ee481ce461dec940  lib/fs.cyr
2d3e92be9cb8be5a5f9f12e0a5c687a870a405d6d052ece9344833804708d083  lib/io.cyr
8e45d3b594e31609051e958acac2f84cc102e0cd2264b0cbfdeaae8aaffda557  lib/unicode/_casefold_data.cyr
9962915cb93c17d7621e1f4df493454b2d948661f651831c5875fc7f8a7509c8  lib/unicode/casefold.cyr
29ae9b6a453bf7ed08c34c944c6ae6a58be99a4d35474c7d9a53ba57bc788388  lib/unicode/_normalize_data.cyr
efd5e32a3ff24466ccdf85928d884369255d2b87733f410d3b5918d5a8177709  lib/unicode/normalize.cyr
52a5459c67ea2261a7d67cfa85b88f972479e5be26f7b4edfc43e987b0c1465b  lib/unicode/_decode.cyr
490ce31f13069637ada2eec85c16f1e5ef942160892f32c07b572286fa4f9912  lib/unicode/_categories_data.cyr
1091c0970c74fd47f63503b5dfbe0098a1b87048a8d43cc17cf51153839b2afe  lib/unicode/categories.cyr
724cb440922e89ff60c76eba23670eeee53b9d1f3ffdde31ebe2e2f9badda9ed  lib/slice.cyr
afe2bf6afca490f24b329992b2b79eeca29a6a0faf5875f7371f6058c90ce7c8  lib/hashmap.cyr
af30844628c715c51cad83addf05c9de4fb12d4b84f97801322448b2df1091b1  lib/fnptr.cyr
f94eebf18e971d610dcdccfc86802550d82e3cd4c7bd0ecc33e140593fa317da  lib/darshana.cyr
c687ff6f4784ca309c119c97de1c3f730e0da9e36d2cc82fbaaaeedc1da76027  lib/syscalls_windows.cyr
de4598e4862fdc8d02195688b9aacc91e888d5f6b85d9fac08f4b7af9daaca19  lib/random.cyr
927f8e674a5acb648b536d54744bb74b595e3376202f702412015228d3f7056d  lib/bounds.cyr
86c4e2b20a7b376279c6e7f905744182aa120b8eb1d737cd173fc2ea8e799ff3  lib/json.cyr
6a61c7631c48074af8f53260b0bf91e2918d1ee65008337360c82d92ad0f3369  lib/callback.cyr
17626809246a1a6776b86bb4e41d307253f5058337f10607fad9ea082c4697ed  lib/syscalls_linux_common.cyr
7965be5a82ff91be4fbf3dae692c6d4cd5465f0ccaab602e5710cc706f8fbbd9  lib/process_win.cyr
a59cad46612c7eeee889c7baa7db38c7c40f31f7c59fe34baba80135fd67bfc7  lib/args_macos.cyr
55ffe9a910b214a8dd6fcafce5ee1ba5c86ff8e4f7d79f9c32068019bd013c71  lib/result.cyr
