d9f3b17ddbbe1bba48917c3a679807b01c39c4a1ce776efdbdfbb7a1680e86e4  lib/tagged.cyr
c9d9bd6559c58dd633ea2c35f529596c8af5ef37d267f8684c22930aae06607f  lib/toml.cyr
4fe885bd0c5d5ae1a17ebcfbf1d8aaf8fae11c6513c2c29a0beae839b7fc316c  lib/net.cyr
e84c090fd0f8532700d967ca3190837780a52a42630f4c6a0a4567ad9a49ab6b  lib/cffi.cyr
ffe2616ede848b553dbe44b82f96929b209910f9c747c76062e1a1b30446c8ce  lib/syscalls_macos.cyr
9dda717127c86b2b8826a126a2bea79184e1dd205fcbde7ff5106dc796fa08cf  lib/simd.cyr
90d01355e0fd6e0e621d38d418e9ac1095b1efcf7e94c9b5e7b78603727c2e1b  lib/mmap.cyr
2d55881d6bbd40c74015df46d82758ce1707457878effaee902cf037b425863a  lib/math.cyr
90c3f21da4cf686e7f3d7038ed43ed9710cb7b1248c0792245e761c18f45451c  lib/dynlib.cyr
f7852e63d5d26359956b455f270a138a80ca4de1bc00ba4cd3fa56c346b9a139  lib/str.cyr
558f8e8eeb953073dfd4e9552053ba9fc74a2897361abbc2544f3d694d5bd148  lib/fdlopen.cyr
1989de8615f151f007e6983170887cddfd1c654b3fd81c73b4c811b9ccf5ac7b  lib/base64.cyr
9a45f29187d071e98792887844aac747e59e1c1615c47249d79cd28f01568f2e  lib/alloc_agnos.cyr
bcc046e90f4ca58b76df69d08cae5feec9d92f0398eaaad96686b2c27631fdfc  lib/grp.cyr
b9913b518a7cece89b74dfc681316d3aaf80117609eb35da52a889b58a00649c  lib/async.cyr
6fada9f82fe25817a3a0ac0f392fad0340934625047596638db1b74738985c1a  lib/regression.cyr
994d110a5a2271c0e96b70697f2401d7f96f881d21b9924f7c90591081c56dfc  lib/ws_server.cyr
708e4b1b825122ef319a79fc3e4e941cebf31e53ff637128313bdae6b99e2d60  lib/pam.cyr
d3b5262a6f5c86dfd1976061c78b8101313fb00a93e8b049d4fb3701edbf15cc  lib/pwd.cyr
d3b86eebf781fb20282cb0a01dfdbf1dc8bfd58f3de8d97891e037adce1e48cb  lib/alloc_macos.cyr
2eec2d5461743c7fe79cbae4ff3cc1c95e002c2e939b5cc01ca7b1f59e5cdd12  lib/hashmap_fast.cyr
1a8f78e391e0c0899fd4bd051cf85738be31e042919ebdfe7cabadf86464459e  lib/args_agnos.cyr
67be051d6ed062dc00a6c645bb1ca6a83640463fdf29e4b486446a22666b11c7  lib/freelist.cyr
30abbdfd10790b852144e20dc9fdf1503336fb94940ec7a4ce37ec92dcfad746  lib/regex.cyr
dc500d517e0896751699302f6d6033b765378576f8e9ac144480262ab4214348  lib/security.cyr
a8ae4f1396d23bff31a4c22c53be396b4624dcd763f5a9de81d4933a07beae9e  lib/test.cyr
7ccef22f084a040b427cf3de5cd774398d8b054a3ba0c1f1960b12b9ff0657ea  lib/sakshi.cyr
096eabc580c807f3e378fbe56058780a28cdf95b9c70b44672bca0a71cf969f6  lib/ct.cyr
4ee0e3020c92b50d9bf865bc3e29f6becf8dbcd6b3c83ff2e7638d8d26db055d  lib/log.cyr
5f6cbdc4dc19cdd43f563388b28bc9df676c638b3e0eb134e55ddae57c072198  lib/atomic.cyr
3cd95e522962c38ddf606cb2e7cb37bda552a24526a58a85fb22ae07b2596582  lib/agnosys.cyr
ff14f0d7999956754937f612c0aa60719c138f0967a81019cf99e08aae088087  lib/string.cyr
f3a70658793688a8b64c5d926b8038c40869de2efe296aec3b9bf925830e6267  lib/process.cyr
49269a9ac71c8806a8da0a3df7c161a854da68c2675ffe5ad23ea37336b61a87  lib/niyama.cyr
fec61278ee1f72a635902c02e68d6916a1e0feef19ddeb71530bff3384544959  lib/alloc.cyr
38a5b11898a9685fed8a83b7802d9c00cd4e63f3b7d38a1f7734d57e4ed95982  lib/sigil.cyr
f35ca909c21b6d39f4f6f0b5cac4ed693270cfad6d52b1cc99443bb1ae33fae1  lib/sandhi.cyr
639aa6feb170319f983df4b39b827f29b26391b55de241c25e711f3880bce0a0  lib/flags.cyr
09220dc4ea43fd66fd3dfc218795ec0b0f675287cd24458a42e93343a62b1aaa  lib/syscalls_x86_64_linux.cyr
f29ea4cf3b2c0541f29e144b33dba90f7a30ee7ab00b2dac89f7987e61efdfb4  lib/syscalls_x86_64_agnos.cyr
150bb9efad587ae139d8df81d62c7578c8ab20d3c6964004908929657b597c12  lib/fmt.cyr
d0c165d52d8130ed1d1b0592f94ba6239c788519393a2a3b6d587d0fe226a872  lib/tls.cyr
293aba79206fc1201a8998b64f51d00d8cb8ac3a5cb2f4ed96c1ca5a4b5aa2cd  lib/trait.cyr
e16c947cb7e871290e728d4becd1525eaf1c28c7fcfcc72b6a06d1b8a510aa5f  lib/yukti.cyr
c9e220ca9bcb929cbc682e9b7eed7086b3b5a90474d562b600e137fde85eb7f0  lib/assert.cyr
f76d2234dba2239e5656887c2dd66f0ff661341642defbffabc7a8693b293cdb  lib/args.cyr
36dd405ec1cca1c5096c2ffb22da3abf7276010b7a0cb5dff52fd060c211d1d6  lib/patra.cyr
37aed95d32ad2c280c4af809abae66088176f47e55802a77e7f90a5ced95d394  lib/csv.cyr
2da010aac142d5f0399b5a7da30c72676ab9e5857969d557cfe4f7dec60423e7  lib/bigint.cyr
cebcd8f2f0d25ea808ae40ebf133ce1b053a445828749e190d5339dfa7aac758  lib/vani.cyr
2f86aa83fc151c9bb4bc7fc6e7643e6bd763e6926fafa0f1a028b58492ecaa52  lib/tls_native.cyr
8506f40814f126d5e2effa2380385ff128d1d29b909b20c543e533980cbc7df9  lib/chrono.cyr
8dd79704c47d31d42de61f967f5b2e27c45c695a0d531cb18d1eb4e59eeca0f9  lib/overflow.cyr
9789219c0ada8368911d073006a2e434afe56358c94a8f0a5bcf5f711283fbbf  lib/mabda.cyr
f0fb1a525c590bd5aafdfb5e30dfbb1bce6ad14f3e30f4ce83e6d2ae5f4730f5  lib/linalg.cyr
88ea6eb670d7185ee6f4f243a6bd8f08aed69c91f4892eaabacf536a4d09cb57  lib/agnostik.cyr
861dedc4d9c07fcf1e431551e469890953a1b02e321354585742c1ed281a9fcf  lib/syscalls.cyr
69524b79054635a0864bac422215dc96302374b0b899f066af4dd6d63c029190  lib/matrix.cyr
969db1246b0468e7bb468370a76ca01eaea7e809bd78f005b616f3b6127ce032  lib/thread_local.cyr
6e36b746b66ad8937f4273cbcb2f51347e538687d6b419c28ea15d9239005ad4  lib/alloc_windows.cyr
de2afce0580568b73586ff1b7a948f57e0ba1b41d8a16969c5d3556620ce6d14  lib/thread_win.cyr
060e7735d7e9f1a9b0d886c26333dc93b2ba181defe33011990a31615226572e  lib/thread.cyr
f50c1f991d5907c6d0da08d39a8c7d6f5ea6a4eacacf8c5a63f31c1f155fb73a  lib/args_win.cyr
1a8aa9ac6b49d89da233d478640db9c74c03892d063f9956c1413f39a5803f3d  lib/process_agnos.cyr
a15828882069497bdd82142d709c932b229f498a89e9f7d689c80a8868c29222  lib/syscalls_aarch64_linux.cyr
2907e90cae9f66370dce6e9567e24b03dab31221cb4f0e505a5c5745232d5de4  lib/sha1.cyr
262348eaa67e4c26c0d9e4488b1ffb32a395e15eeaa92f6ea837c124e629f0c9  lib/shadow.cyr
82ff313674a504d0d6d6e696ae1e0503148b066407c0c3344ee2098e54e504c4  lib/bench.cyr
2c8ce2626832ceb0ba250cb6e4559fafd948ee640d28937883eb808e9994ac74  lib/cyml.cyr
39b494393ba5337b81a73ea874b5e86324c20fcafa98f9bbf156d79d07e444ee  lib/sankoch.cyr
70188d5089d3acb2b1ae4a73d4053b8d1cf2a5409adbb3c6f2cdfacdcc83150b  lib/audit_walk.cyr
ffe714f5a05c37ec584058cc10421543533f80db438672b073fd82859a5dbe52  lib/ws.cyr
032132cf5c2e3bb3c52c31a61ee919d72b7c8ee806c7b6f7d57dc7e79001f003  lib/u128.cyr
543be460c6d2a9922e47f4dafb4fae981802f74827b935d4ec9dadb35870cb43  lib/keccak.cyr
21b573de672e2b7a2d281e3d3e071a1de884f5c8a78a752fa5585bf97b3b6a98  lib/http.cyr
2c3c53abbf04b63baa7a28956c69eb78272f9ff587a472d302f8108a31ea4a47  lib/vec.cyr
97ee4075f0f1516d383f2f1cea8d1fcb6ea62414f5411f5ea463b3b383396a08  lib/fs.cyr
1c01450f514bed01daf38cebdc0a3c7014abe90322e94b8b11a7bb679595b310  lib/io.cyr
724cb440922e89ff60c76eba23670eeee53b9d1f3ffdde31ebe2e2f9badda9ed  lib/slice.cyr
afe2bf6afca490f24b329992b2b79eeca29a6a0faf5875f7371f6058c90ce7c8  lib/hashmap.cyr
76276b98b431e30b49168d4af8d5efdd428dde8c7114351e8d575e0abc3992ab  lib/fnptr.cyr
f94eebf18e971d610dcdccfc86802550d82e3cd4c7bd0ecc33e140593fa317da  lib/darshana.cyr
c687ff6f4784ca309c119c97de1c3f730e0da9e36d2cc82fbaaaeedc1da76027  lib/syscalls_windows.cyr
de4598e4862fdc8d02195688b9aacc91e888d5f6b85d9fac08f4b7af9daaca19  lib/random.cyr
927f8e674a5acb648b536d54744bb74b595e3376202f702412015228d3f7056d  lib/bounds.cyr
86c4e2b20a7b376279c6e7f905744182aa120b8eb1d737cd173fc2ea8e799ff3  lib/json.cyr
6a61c7631c48074af8f53260b0bf91e2918d1ee65008337360c82d92ad0f3369  lib/callback.cyr
ad939696ad226c1c0ce55caf8ba4468e9e2f44be3af2792b35fb66c288986026  lib/syscalls_linux_common.cyr
1a424999465957857334b666a476c1630172487ae7ddc81d4c5b5a9f237a8957  lib/process_win.cyr
05c416e72d50d1fd36aaa8f4d5627a406a38fcf410791b920bedc00b18a42b45  lib/args_macos.cyr
55ffe9a910b214a8dd6fcafce5ee1ba5c86ff8e4f7d79f9c32068019bd013c71  lib/result.cyr
